
Microsoft Visual Studio Solution File, Format Version 12.00
# Visual Studio Version 17
VisualStudioVersion = 17.1.32210.238
MinimumVisualStudioVersion = 10.0.40219.1
Project("{9A19103F-16F7-4668-BE54-9A1E7A4F7556}") = "CM7A68_HFT_2021221.Client", "CM7A68_HFT_2021221.Client\CM7A68_HFT_2021221.Client.csproj", "{266B136C-4811-45AC-8C70-F394B38CE618}"
EndProject
Project("{9A19103F-16F7-4668-BE54-9A1E7A4F7556}") = "CM7A68_HFT_2021221.Models", "CM7A68_HFT_2021221.Models\CM7A68_HFT_2021221.Models.csproj", "{C65ED155-256B-461A-89E4-A2575B9184EC}"
EndProject
Project("{9A19103F-16F7-4668-BE54-9A1E7A4F7556}") = "CM7A68_HFT_2021221.Data", "CM7A68_HFT_2021221.Data\CM7A68_HFT_2021221.Data.csproj", "{5FBC9E40-636B-42FB-B66A-3D58A717A146}"
EndProject
Project("{9A19103F-16F7-4668-BE54-9A1E7A4F7556}") = "CM7A68_HFT_2021221.Logic", "CM7A68_HFT_2021221.Logic\CM7A68_HFT_2021221.Logic.csproj", "{9BBE8B18-2B31-4FF4-BCDE-4B3BDF32505B}"
EndProject
Project("{9A19103F-16F7-4668-BE54-9A1E7A4F7556}") = "CM7A68_HFT_2021221.Repository", "CM7A68_HFT_2021221.Repository\CM7A68_HFT_2021221.Repository.csproj", "{FE81B4C1-34E7-47B0-9EA5-61E62C86E9A1}"
EndProject
Project("{9A19103F-16F7-4668-BE54-9A1E7A4F7556}") = "CM7A68_HFT_2021221.Test", "CM7A68_HFT_2021221.Test\CM7A68_HFT_2021221.Test.csproj", "{60276850-1814-4329-BF8A-631B1FD6A5EE}"
EndProject
Project("{9A19103F-16F7-4668-BE54-9A1E7A4F7556}") = "CM7A68_HFT_2021221.Endpoint", "CM7A68_HFT_2021221.Endpoint\CM7A68_HFT_2021221.Endpoint.csproj", "{E1596968-11C1-499E-9FE9-7AC70D270D9D}"
EndProject
Project("{2150E333-8FDC-42A3-9474-1A3956D46DE8}") = "Backend", "Backend", "{D9E9B858-F9C2-4F37-B3D1-D87229985ED1}"
EndProject
Project("{2150E333-8FDC-42A3-9474-1A3956D46DE8}") = "Frontend", "Frontend", "{741CFF38-1882-4BC7-AEE3-B8FF318E816C}"
EndProject
Project("{2150E333-8FDC-42A3-9474-1A3956D46DE8}") = "Shared", "Shared", "{789A502A-E2D2-4A01-ACBB-CD1BABE54A22}"
EndProject
Project("{2150E333-8FDC-42A3-9474-1A3956D46DE8}") = "Others", "Others", "{0D14AC28-8B56-4F08-BAF4-C78A9EB90ECC}"
	ProjectSection(SolutionItems) = preProject
		.gitignore = .gitignore
	EndProjectSection
EndProject
Project("{9A19103F-16F7-4668-BE54-9A1E7A4F7556}") = "WPF_Client_GUI", "WPF_Client_GUI\WPF_Client_GUI.csproj", "{AE8F0F6D-97C8-444D-9D79-DFA373B60BE3}"
EndProject
Project("{FAE04EC0-301F-11D3-BF4B-00C04F79EFBC}") = "JS_Client_GUI", "JS_Client_GUI\JS_Client_GUI.csproj", "{5AC5F686-3E10-4BFB-8293-24906C11441C}"
EndProject
Global
	GlobalSection(SolutionConfigurationPlatforms) = preSolution
		Debug|Any CPU = Debug|Any CPU
		Release|Any CPU = Release|Any CPU
	EndGlobalSection
	GlobalSection(ProjectConfigurationPlatforms) = postSolution
		{266B136C-4811-45AC-8C70-F394B38CE618}.Debug|Any CPU.ActiveCfg = Debug|Any CPU
		{266B136C-4811-45AC-8C70-F394B38CE618}.Debug|Any CPU.Build.0 = Debug|Any CPU
		{266B136C-4811-45AC-8C70-F394B38CE618}.Release|Any CPU.ActiveCfg = Release|Any CPU
		{266B136C-4811-45AC-8C70-F394B38CE618}.Release|Any CPU.Build.0 = Release|Any CPU
		{C65ED155-256B-461A-89E4-A2575B9184EC}.Debug|Any CPU.ActiveCfg = Debug|Any CPU
		{C65ED155-256B-461A-89E4-A2575B9184EC}.Debug|Any CPU.Build.0 = Debug|Any CPU
		{C65ED155-256B-461A-89E4-A2575B9184EC}.Release|Any CPU.ActiveCfg = Release|Any CPU
		{C65ED155-256B-461A-89E4-A2575B9184EC}.Release|Any CPU.Build.0 = Release|Any CPU
		{5FBC9E40-636B-42FB-B66A-3D58A717A146}.Debug|Any CPU.ActiveCfg = Debug|Any CPU
		{5FBC9E40-636B-42FB-B66A-3D58A717A146}.Debug|Any CPU.Build.0 = Debug|Any CPU
		{5FBC9E40-636B-42FB-B66A-3D58A717A146}.Release|Any CPU.ActiveCfg = Release|Any CPU
		{5FBC9E40-636B-42FB-B66A-3D58A717A146}.Release|Any CPU.Build.0 = Release|Any CPU
		{9BBE8B18-2B31-4FF4-BCDE-4B3BDF32505B}.Debug|Any CPU.ActiveCfg = Debug|Any CPU
		{9BBE8B18-2B31-4FF4-BCDE-4B3BDF32505B}.Debug|Any CPU.Build.0 = Debug|Any CPU
		{9BBE8B18-2B31-4FF4-BCDE-4B3BDF32505B}.Release|Any CPU.ActiveCfg = Release|Any CPU
		{9BBE8B18-2B31-4FF4-BCDE-4B3BDF32505B}.Release|Any CPU.Build.0 = Release|Any CPU
		{FE81B4C1-34E7-47B0-9EA5-61E62C86E9A1}.Debug|Any CPU.ActiveCfg = Debug|Any CPU
		{FE81B4C1-34E7-47B0-9EA5-61E62C86E9A1}.Debug|Any CPU.Build.0 = Debug|Any CPU
		{FE81B4C1-34E7-47B0-9EA5-61E62C86E9A1}.Release|Any CPU.ActiveCfg = Release|Any CPU
		{FE81B4C1-34E7-47B0-9EA5-61E62C86E9A1}.Release|Any CPU.Build.0 = Release|Any CPU
		{60276850-1814-4329-BF8A-631B1FD6A5EE}.Debug|Any CPU.ActiveCfg = Debug|Any CPU
		{60276850-1814-4329-BF8A-631B1FD6A5EE}.Debug|Any CPU.Build.0 = Debug|Any CPU
		{60276850-1814-4329-BF8A-631B1FD6A5EE}.Release|Any CPU.ActiveCfg = Release|Any CPU
		{60276850-1814-4329-BF8A-631B1FD6A5EE}.Release|Any CPU.Build.0 = Release|Any CPU
		{E1596968-11C1-499E-9FE9-7AC70D270D9D}.Debug|Any CPU.ActiveCfg = Debug|Any CPU
		{E1596968-11C1-499E-9FE9-7AC70D270D9D}.Debug|Any CPU.Build.0 = Debug|Any CPU
		{E1596968-11C1-499E-9FE9-7AC70D270D9D}.Release|Any CPU.ActiveCfg = Release|Any CPU
		{E1596968-11C1-499E-9FE9-7AC70D270D9D}.Release|Any CPU.Build.0 = Release|Any CPU
		{AE8F0F6D-97C8-444D-9D79-DFA373B60BE3}.Debug|Any CPU.ActiveCfg = Debug|Any CPU
		{AE8F0F6D-97C8-444D-9D79-DFA373B60BE3}.Debug|Any CPU.Build.0 = Debug|Any CPU
		{AE8F0F6D-97C8-444D-9D79-DFA373B60BE3}.Release|Any CPU.ActiveCfg = Release|Any CPU
		{AE8F0F6D-97C8-444D-9D79-DFA373B60BE3}.Release|Any CPU.Build.0 = Release|Any CPU
		{5AC5F686-3E10-4BFB-8293-24906C11441C}.Debug|Any CPU.ActiveCfg = Debug|Any CPU
		{5AC5F686-3E10-4BFB-8293-24906C11441C}.Debug|Any CPU.Build.0 = Debug|Any CPU
		{5AC5F686-3E10-4BFB-8293-24906C11441C}.Release|Any CPU.ActiveCfg = Release|Any CPU
		{5AC5F686-3E10-4BFB-8293-24906C11441C}.Release|Any CPU.Build.0 = Release|Any CPU
	EndGlobalSection
	GlobalSection(SolutionProperties) = preSolution
		HideSolutionNode = FALSE
	EndGlobalSection
	GlobalSection(NestedProjects) = preSolution
		{266B136C-4811-45AC-8C70-F394B38CE618} = {741CFF38-1882-4BC7-AEE3-B8FF318E816C}
		{C65ED155-256B-461A-89E4-A2575B9184EC} = {789A502A-E2D2-4A01-ACBB-CD1BABE54A22}
		{5FBC9E40-636B-42FB-B66A-3D58A717A146} = {D9E9B858-F9C2-4F37-B3D1-D87229985ED1}
		{9BBE8B18-2B31-4FF4-BCDE-4B3BDF32505B} = {D9E9B858-F9C2-4F37-B3D1-D87229985ED1}
		{FE81B4C1-34E7-47B0-9EA5-61E62C86E9A1} = {D9E9B858-F9C2-4F37-B3D1-D87229985ED1}
		{60276850-1814-4329-BF8A-631B1FD6A5EE} = {D9E9B858-F9C2-4F37-B3D1-D87229985ED1}
		{E1596968-11C1-499E-9FE9-7AC70D270D9D} = {D9E9B858-F9C2-4F37-B3D1-D87229985ED1}
		{AE8F0F6D-97C8-444D-9D79-DFA373B60BE3} = {741CFF38-1882-4BC7-AEE3-B8FF318E816C}
		{5AC5F686-3E10-4BFB-8293-24906C11441C} = {741CFF38-1882-4BC7-AEE3-B8FF318E816C}
	EndGlobalSection
	GlobalSection(ExtensibilityGlobals) = postSolution
		SolutionGuid = {1F504614-443F-4500-852A-EC142C470E14}
	EndGlobalSection
EndGlobal
